
Microsoft Visual Studio Solution File, Format Version 12.00
# Visual Studio Version 17
VisualStudioVersion = 17.10.35013.160
MinimumVisualStudioVersion = 10.0.40219.1
Project("{FAE04EC0-301F-11D3-BF4B-00C04F79EFBC}") = "Payment.API", "Payment.API\Payment.API.csproj", "{2365012C-8F1C-4239-8E06-5048EBFDCA62}"
EndProject
Global
	GlobalSection(SolutionConfigurationPlatforms) = preSolution
		Debug|Any CPU = Debug|Any CPU
		Release|Any CPU = Release|Any CPU
	EndGlobalSection
	GlobalSection(ProjectConfigurationPlatforms) = postSolution
		{2365012C-8F1C-4239-8E06-5048EBFDCA62}.Debug|Any CPU.ActiveCfg = Debug|Any CPU
		{2365012C-8F1C-4239-8E06-5048EBFDCA62}.Debug|Any CPU.Build.0 = Debug|Any CPU
		{2365012C-8F1C-4239-8E06-5048EBFDCA62}.Release|Any CPU.ActiveCfg = Release|Any CPU
		{2365012C-8F1C-4239-8E06-5048EBFDCA62}.Release|Any CPU.Build.0 = Release|Any CPU
	EndGlobalSection
	GlobalSection(SolutionProperties) = preSolution
		HideSolutionNode = FALSE
	EndGlobalSection
	GlobalSection(ExtensibilityGlobals) = postSolution
		SolutionGuid = {DE01AA54-6B30-43FD-ACAC-ACA8B5B140F5}
	EndGlobalSection
EndGlobal
